PODS:
  - audioplayers_darwin (0.0.1):
    - Flutter
    - FlutterMacOS
  - Flutter (1.0.0)
  - flutter_local_notifications (0.0.1):
    - Flutter
  - flutter_secure_storage (6.0.0):
    - Flutter
  - flutter_sound (9.28.0):
    - Flutter
    - flutter_sound_core (= 9.28.0)
  - flutter_sound_core (9.28.0)
  - flutter_timezone (0.0.1):
    - Flutter
  - geolocator_apple (1.2.0):
    - Flutter
    - FlutterMacOS
  - image_picker_ios (0.0.1):
    - Flutter
  - path_provider_foundation (0.0.1):
    - Flutter
    - FlutterMacOS
  - permission_handler_apple (9.4.8):
    - Flutter
  - sensors_plus (0.0.1):
    - Flutter

DEPENDENCIES:
  - audioplayers_darwin (from `.symlinks/plugins/audioplayers_darwin/darwin`)
  - Flutter (from `Flutter`)
  - flutter_local_notifications (from `.symlinks/plugins/flutter_local_notifications/ios`)
  - flutter_secure_storage (from `.symlinks/plugins/flutter_secure_storage/ios`)
  - flutter_sound (from `.symlinks/plugins/flutter_sound/ios`)
  - flutter_timezone (from `.symlinks/plugins/flutter_timezone/ios`)
  - geolocator_apple (from `.symlinks/plugins/geolocator_apple/darwin`)
  - image_picker_ios (from `.symlinks/plugins/image_picker_ios/ios`)
  - path_provider_foundation (from `.symlinks/plugins/path_provider_foundation/darwin`)
  - permission_handler_apple (from `.symlinks/plugins/permission_handler_apple/ios`)
  - sensors_plus (from `.symlinks/plugins/sensors_plus/ios`)

SPEC REPOS:
  trunk:
    - flutter_sound_core

EXTERNAL SOURCES:
  audioplayers_darwin:
    :path: ".symlinks/plugins/audioplayers_darwin/darwin"
  Flutter:
    :path: Flutter
  flutter_local_notifications:
    :path: ".symlinks/plugins/flutter_local_notifications/ios"
  flutter_secure_storage:
    :path: ".symlinks/plugins/flutter_secure_storage/ios"
  flutter_sound:
    :path: ".symlinks/plugins/flutter_sound/ios"
  flutter_timezone:
    :path: ".symlinks/plugins/flutter_timezone/ios"
  geolocator_apple:
    :path: ".symlinks/plugins/geolocator_apple/darwin"
  image_picker_ios:
    :path: ".symlinks/plugins/image_picker_ios/ios"
  path_provider_foundation:
    :path: ".symlinks/plugins/path_provider_foundation/darwin"
  permission_handler_apple:
    :path: ".symlinks/plugins/permission_handler_apple/ios"
  sensors_plus:
    :path: ".symlinks/plugins/sensors_plus/ios"

SPEC CHECKSUMS:
  audioplayers_darwin: f15e209a3e856d1a7edcf98dc029f484fead2242
  Flutter: e0871f40cf51350855a761d2e70bf5af5b9b5de7
  flutter_local_notifications: 4cde75091f6327eb8517fa068a0a5950212d2086
  flutter_secure_storage: d33dac7ae2ea08509be337e775f6b59f1ff45f12
  flutter_sound: 82aba29055d6feba684d08906e0623217b87bcd3
  flutter_sound_core: 427465f72d07ab8c3edbe8ffdde709ddacd3763c
  flutter_timezone: ffb07bdad3c6276af8dada0f11978d8a1f8a20bb
  geolocator_apple: 66b711889fd333205763b83c9dcf0a57a28c7afd
  image_picker_ios: c560581cceedb403a6ff17f2f816d7fea1421fc1
  path_provider_foundation: 2b6b4c569c0fb62ec74538f866245ac84301af46
  permission_handler_apple: ee2fe0fd04551b304eb002714ff067c371c822ed
  sensors_plus: 7229095999f30740798f0eeef5cd120357a8f4f2

PODFILE CHECKSUM: 05b05db1852919bfcfb10b99da7afafc85db9240

COCOAPODS: 1.16.2
